
Microsoft Visual Studio Solution File, Format Version 12.00
# Visual Studio Version 17
VisualStudioVersion = 17.13.35818.85 d17.13
MinimumVisualStudioVersion = 10.0.40219.1
Project("{FAE04EC0-301F-11D3-BF4B-00C04F79EFBC}") = "Demo", "Demo\Demo.csproj", "{C5F83604-7BC1-4BFF-9A4C-826FFA278B40}"
EndProject
Project("{FAE04EC0-301F-11D3-BF4B-00C04F79EFBC}") = "Assignment", "Assignment\Assignment.csproj", "{1E25BF25-2B97-4028-8860-36773181A503}"
EndProject
Global
	GlobalSection(SolutionConfigurationPlatforms) = preSolution
		Debug|Any CPU = Debug|Any CPU
		Release|Any CPU = Release|Any CPU
	EndGlobalSection
	GlobalSection(ProjectConfigurationPlatforms) = postSolution
		{C5F83604-7BC1-4BFF-9A4C-826FFA278B40}.Debug|Any CPU.ActiveCfg = Debug|Any CPU
		{C5F83604-7BC1-4BFF-9A4C-826FFA278B40}.Debug|Any CPU.Build.0 = Debug|Any CPU
		{C5F83604-7BC1-4BFF-9A4C-826FFA278B40}.Release|Any CPU.ActiveCfg = Release|Any CPU
		{C5F83604-7BC1-4BFF-9A4C-826FFA278B40}.Release|Any CPU.Build.0 = Release|Any CPU
		{1E25BF25-2B97-4028-8860-36773181A503}.Debug|Any CPU.ActiveCfg = Debug|Any CPU
		{1E25BF25-2B97-4028-8860-36773181A503}.Debug|Any CPU.Build.0 = Debug|Any CPU
		{1E25BF25-2B97-4028-8860-36773181A503}.Release|Any CPU.ActiveCfg = Release|Any CPU
		{1E25BF25-2B97-4028-8860-36773181A503}.Release|Any CPU.Build.0 = Release|Any CPU
	EndGlobalSection
	GlobalSection(SolutionProperties) = preSolution
		HideSolutionNode = FALSE
	EndGlobalSection
	GlobalSection(ExtensibilityGlobals) = postSolution
		SolutionGuid = {1E93364E-100C-4D25-9E25-E3012A7B873C}
	EndGlobalSection
EndGlobal
